
Microsoft Visual Studio Solution File, Format Version 12.00
# Visual Studio Version 16
VisualStudioVersion = 16.0.30503.244
MinimumVisualStudioVersion = 10.0.40219.1
Project("{FAE04EC0-301F-11D3-BF4B-00C04F79EFBC}") = "LuxuryShop", "LuxuryShop\LuxuryShop.csproj", "{7BA7413A-6D2B-423C-8DA4-EC429557BC4F}"
EndProject
Global
	GlobalSection(SolutionConfigurationPlatforms) = preSolution
		Debug|Any CPU = Debug|Any CPU
		Release|Any CPU = Release|Any CPU
	EndGlobalSection
	GlobalSection(ProjectConfigurationPlatforms) = postSolution
		{7BA7413A-6D2B-423C-8DA4-EC429557BC4F}.Debug|Any CPU.ActiveCfg = Debug|Any CPU
		{7BA7413A-6D2B-423C-8DA4-EC429557BC4F}.Debug|Any CPU.Build.0 = Debug|Any CPU
		{7BA7413A-6D2B-423C-8DA4-EC429557BC4F}.Release|Any CPU.ActiveCfg = Release|Any CPU
		{7BA7413A-6D2B-423C-8DA4-EC429557BC4F}.Release|Any CPU.Build.0 = Release|Any CPU
	EndGlobalSection
	GlobalSection(SolutionProperties) = preSolution
		HideSolutionNode = FALSE
	EndGlobalSection
	GlobalSection(ExtensibilityGlobals) = postSolution
		SolutionGuid = {4A469AF3-E522-43F1-962F-3309AFA570FC}
	EndGlobalSection
EndGlobal
